// !$*UTF8*$!
{
	archiveVersion = 1;
	classes = {
	};
	objectVersion = 56;
	objects = {

/* Begin PBXBuildFile section */
		E41336F228F88FB100E745C8 /* AlbumsModel.swift in Sources */ = {isa = PBXBuildFile; fileRef = E41336F128F88FB100E745C8 /* AlbumsModel.swift */; };
		E41E34D028F497C400DF6A46 /* String + Extension.swift in Sources */ = {isa = PBXBuildFile; fileRef = E41E34CF28F497C400DF6A46 /* String + Extension.swift */; };
		E4258C9128EDD8BC00A97C27 /* AppDelegate.swift in Sources */ = {isa = PBXBuildFile; fileRef = E4258C9028EDD8BC00A97C27 /* AppDelegate.swift */; };
		E4258C9328EDD8BC00A97C27 /* SceneDelegate.swift in Sources */ = {isa = PBXBuildFile; fileRef = E4258C9228EDD8BC00A97C27 /* SceneDelegate.swift */; };
		E4258C9528EDD8BC00A97C27 /* AuthViewController.swift in Sources */ = {isa = PBXBuildFile; fileRef = E4258C9428EDD8BC00A97C27 /* AuthViewController.swift */; };
		E4258C9A28EDD8BD00A97C27 /* Assets.xcassets in Resources */ = {isa = PBXBuildFile; fileRef = E4258C9928EDD8BD00A97C27 /* Assets.xcassets */; };
		E4258C9D28EDD8BD00A97C27 /* LaunchScreen.storyboard in Resources */ = {isa = PBXBuildFile; fileRef = E4258C9B28EDD8BD00A97C27 /* LaunchScreen.storyboard */; };
		E452E82428F9A52100D57E68 /* NetworkRequest.swift in Sources */ = {isa = PBXBuildFile; fileRef = E452E82328F9A52100D57E68 /* NetworkRequest.swift */; };
		E49E0C1828F59B0C00388ECB /* UserDefaultsManager.swift in Sources */ = {isa = PBXBuildFile; fileRef = E49E0C1728F59B0C00388ECB /* UserDefaultsManager.swift */; };
		E49E0C1B28F59B9B00388ECB /* UserModel.swift in Sources */ = {isa = PBXBuildFile; fileRef = E49E0C1A28F59B9B00388ECB /* UserModel.swift */; };
		E49E0C1D28F5A18A00388ECB /* AlertOk.swift in Sources */ = {isa = PBXBuildFile; fileRef = E49E0C1C28F5A18A00388ECB /* AlertOk.swift */; };
		E4A15E5D28F0253400CAC6D0 /* AlbumsTableViewCell.swift in Sources */ = {isa = PBXBuildFile; fileRef = E4A15E5C28F0253400CAC6D0 /* AlbumsTableViewCell.swift */; };
		E4A15E5F28F0267100CAC6D0 /* UIViewController + Extension.swift in Sources */ = {isa = PBXBuildFile; fileRef = E4A15E5E28F0267100CAC6D0 /* UIViewController + Extension.swift */; };
		E4A15E6128F02AC000CAC6D0 /* UserInfoViewController.swift in Sources */ = {isa = PBXBuildFile; fileRef = E4A15E6028F02AC000CAC6D0 /* UserInfoViewController.swift */; };
		E4A15E6328F0829100CAC6D0 /* SongsCollectionViewCell.swift in Sources */ = {isa = PBXBuildFile; fileRef = E4A15E6228F0829100CAC6D0 /* SongsCollectionViewCell.swift */; };
		E4CBE58428EF3842008E9B81 /* SignUpViewController.swift in Sources */ = {isa = PBXBuildFile; fileRef = E4CBE58328EF3842008E9B81 /* SignUpViewController.swift */; };
		E4CBE58628EF38A2008E9B81 /* AlbumsViewController.swift in Sources */ = {isa = PBXBuildFile; fileRef = E4CBE58528EF38A2008E9B81 /* AlbumsViewController.swift */; };
		E4CBE58828EF4040008E9B81 /* UIStackView + Extension.swift in Sources */ = {isa = PBXBuildFile; fileRef = E4CBE58728EF4040008E9B81 /* UIStackView + Extension.swift */; };
		E4CBE58A28EF47C5008E9B81 /* DetailAlbumViewController.swift in Sources */ = {isa = PBXBuildFile; fileRef = E4CBE58928EF47C5008E9B81 /* DetailAlbumViewController.swift */; };
/* End PBXBuildFile section */

/* Begin PBXFileReference section */
		E41336F128F88FB100E745C8 /* AlbumsModel.swift */ = {isa = PBXFileReference; lastKnownFileType = sourcecode.swift; path = AlbumsModel.swift; sourceTree = "<group>"; };
		E41E34CF28F497C400DF6A46 /* String + Extension.swift */ = {isa = PBXFileReference; lastKnownFileType = sourcecode.swift; path = "String + Extension.swift"; sourceTree = "<group>"; };
		E4258C8D28EDD8BC00A97C27 /* iTunes_TestTask.app */ = {isa = PBXFileReference; explicitFileType = wrapper.application; includeInIndex = 0; path = iTunes_TestTask.app; sourceTree = BUILT_PRODUCTS_DIR; };
		E4258C9028EDD8BC00A97C27 /* AppDelegate.swift */ = {isa = PBXFileReference; lastKnownFileType = sourcecode.swift; path = AppDelegate.swift; sourceTree = "<group>"; };
		E4258C9228EDD8BC00A97C27 /* SceneDelegate.swift */ = {isa = PBXFileReference; lastKnownFileType = sourcecode.swift; path = SceneDelegate.swift; sourceTree = "<group>"; };
		E4258C9428EDD8BC00A97C27 /* AuthViewController.swift */ = {isa = PBXFileReference; lastKnownFileType = sourcecode.swift; path = AuthViewController.swift; sourceTree = "<group>"; };
		E4258C9928EDD8BD00A97C27 /* Assets.xcassets */ = {isa = PBXFileReference; lastKnownFileType = folder.assetcatalog; path = Assets.xcassets; sourceTree = "<group>"; };
		E4258C9C28EDD8BD00A97C27 /* Base */ = {isa = PBXFileReference; lastKnownFileType = file.storyboard; name = Base; path = Base.lproj/LaunchScreen.storyboard; sourceTree = "<group>"; };
		E4258C9E28EDD8BD00A97C27 /* Info.plist */ = {isa = PBXFileReference; lastKnownFileType = text.plist.xml; path = Info.plist; sourceTree = "<group>"; };
		E452E82328F9A52100D57E68 /* NetworkRequest.swift */ = {isa = PBXFileReference; lastKnownFileType = sourcecode.swift; path = NetworkRequest.swift; sourceTree = "<group>"; };
		E49E0C1728F59B0C00388ECB /* UserDefaultsManager.swift */ = {isa = PBXFileReference; lastKnownFileType = sourcecode.swift; path = UserDefaultsManager.swift; sourceTree = "<group>"; };
		E49E0C1A28F59B9B00388ECB /* UserModel.swift */ = {isa = PBXFileReference; lastKnownFileType = sourcecode.swift; path = UserModel.swift; sourceTree = "<group>"; };
		E49E0C1C28F5A18A00388ECB /* AlertOk.swift */ = {isa = PBXFileReference; lastKnownFileType = sourcecode.swift; path = AlertOk.swift; sourceTree = "<group>"; };
		E4A15E5C28F0253400CAC6D0 /* AlbumsTableViewCell.swift */ = {isa = PBXFileReference; lastKnownFileType = sourcecode.swift; path = AlbumsTableViewCell.swift; sourceTree = "<group>"; };
		E4A15E5E28F0267100CAC6D0 /* UIViewController + Extension.swift */ = {isa = PBXFileReference; lastKnownFileType = sourcecode.swift; path = "UIViewController + Extension.swift"; sourceTree = "<group>"; };
		E4A15E6028F02AC000CAC6D0 /* UserInfoViewController.swift */ = {isa = PBXFileReference; lastKnownFileType = sourcecode.swift; path = UserInfoViewController.swift; sourceTree = "<group>"; };
		E4A15E6228F0829100CAC6D0 /* SongsCollectionViewCell.swift */ = {isa = PBXFileReference; lastKnownFileType = sourcecode.swift; path = SongsCollectionViewCell.swift; sourceTree = "<group>"; };
		E4CBE58328EF3842008E9B81 /* SignUpViewController.swift */ = {isa = PBXFileReference; lastKnownFileType = sourcecode.swift; path = SignUpViewController.swift; sourceTree = "<group>"; };
		E4CBE58528EF38A2008E9B81 /* AlbumsViewController.swift */ = {isa = PBXFileReference; lastKnownFileType = sourcecode.swift; path = AlbumsViewController.swift; sourceTree = "<group>"; };
		E4CBE58728EF4040008E9B81 /* UIStackView + Extension.swift */ = {isa = PBXFileReference; lastKnownFileType = sourcecode.swift; path = "UIStackView + Extension.swift"; sourceTree = "<group>"; };
		E4CBE58928EF47C5008E9B81 /* DetailAlbumViewController.swift */ = {isa = PBXFileReference; lastKnownFileType = sourcecode.swift; path = DetailAlbumViewController.swift; sourceTree = "<group>"; };
/* End PBXFileReference section */

/* Begin PBXFrameworksBuildPhase section */
		E4258C8A28EDD8BC00A97C27 /* Frameworks */ = {
			isa = PBXFrameworksBuildPhase;
			buildActionMask = 2147483647;
			files = (
			);
			runOnlyForDeploymentPostprocessing = 0;
		};
/* End PBXFrameworksBuildPhase section */

/* Begin PBXGroup section */
		E4258C8428EDD8BC00A97C27 = {
			isa = PBXGroup;
			children = (
				E4258C8F28EDD8BC00A97C27 /* iTunes_TestTask */,
				E4258C8E28EDD8BC00A97C27 /* Products */,
			);
			sourceTree = "<group>";
		};
		E4258C8E28EDD8BC00A97C27 /* Products */ = {
			isa = PBXGroup;
			children = (
				E4258C8D28EDD8BC00A97C27 /* iTunes_TestTask.app */,
			);
			name = Products;
			sourceTree = "<group>";
		};
		E4258C8F28EDD8BC00A97C27 /* iTunes_TestTask */ = {
			isa = PBXGroup;
			children = (
				E4CBE57D28EF31BA008E9B81 /* Applications */,
				E4CBE58028EF333B008E9B81 /* Views */,
				E4CBE57F28EF3329008E9B81 /* Controllers */,
				E49E0C1928F59B7E00388ECB /* Models */,
				E452E82228F9A50900D57E68 /* Network */,
				E49E0C1428F59AE100388ECB /* Services */,
				E4CBE58128EF335F008E9B81 /* Extensions */,
				E4CBE57E28EF31C8008E9B81 /* Resources */,
			);
			path = iTunes_TestTask;
			sourceTree = "<group>";
		};
		E452E82228F9A50900D57E68 /* Network */ = {
			isa = PBXGroup;
			children = (
				E452E82328F9A52100D57E68 /* NetworkRequest.swift */,
			);
			path = Network;
			sourceTree = "<group>";
		};
		E49E0C1428F59AE100388ECB /* Services */ = {
			isa = PBXGroup;
			children = (
				E49E0C1728F59B0C00388ECB /* UserDefaultsManager.swift */,
			);
			path = Services;
			sourceTree = "<group>";
		};
		E49E0C1928F59B7E00388ECB /* Models */ = {
			isa = PBXGroup;
			children = (
				E49E0C1A28F59B9B00388ECB /* UserModel.swift */,
				E49E0C1C28F5A18A00388ECB /* AlertOk.swift */,
				E41336F128F88FB100E745C8 /* AlbumsModel.swift */,
			);
			path = Models;
			sourceTree = "<group>";
		};
		E4A15E5B28F0250900CAC6D0 /* Cells */ = {
			isa = PBXGroup;
			children = (
				E4A15E5C28F0253400CAC6D0 /* AlbumsTableViewCell.swift */,
				E4A15E6228F0829100CAC6D0 /* SongsCollectionViewCell.swift */,
			);
			path = Cells;
			sourceTree = "<group>";
		};
		E4CBE57D28EF31BA008E9B81 /* Applications */ = {
			isa = PBXGroup;
			children = (
				E4258C9028EDD8BC00A97C27 /* AppDelegate.swift */,
				E4258C9228EDD8BC00A97C27 /* SceneDelegate.swift */,
			);
			path = Applications;
			sourceTree = "<group>";
		};
		E4CBE57E28EF31C8008E9B81 /* Resources */ = {
			isa = PBXGroup;
			children = (
				E4258C9928EDD8BD00A97C27 /* Assets.xcassets */,
				E4258C9E28EDD8BD00A97C27 /* Info.plist */,
			);
			path = Resources;
			sourceTree = "<group>";
		};
		E4CBE57F28EF3329008E9B81 /* Controllers */ = {
			isa = PBXGroup;
			children = (
				E4258C9428EDD8BC00A97C27 /* AuthViewController.swift */,
				E4CBE58328EF3842008E9B81 /* SignUpViewController.swift */,
				E4CBE58528EF38A2008E9B81 /* AlbumsViewController.swift */,
				E4CBE58928EF47C5008E9B81 /* DetailAlbumViewController.swift */,
				E4A15E6028F02AC000CAC6D0 /* UserInfoViewController.swift */,
			);
			path = Controllers;
			sourceTree = "<group>";
		};
		E4CBE58028EF333B008E9B81 /* Views */ = {
			isa = PBXGroup;
			children = (
				E4A15E5B28F0250900CAC6D0 /* Cells */,
				E4258C9B28EDD8BD00A97C27 /* LaunchScreen.storyboard */,
			);
			path = Views;
			sourceTree = "<group>";
		};
		E4CBE58128EF335F008E9B81 /* Extensions */ = {
			isa = PBXGroup;
			children = (
				E41E34CF28F497C400DF6A46 /* String + Extension.swift */,
				E4CBE58228EF336D008E9B81 /* UIKit */,
			);
			path = Extensions;
			sourceTree = "<group>";
		};
		E4CBE58228EF336D008E9B81 /* UIKit */ = {
			isa = PBXGroup;
			children = (
				E4CBE58728EF4040008E9B81 /* UIStackView + Extension.swift */,
				E4A15E5E28F0267100CAC6D0 /* UIViewController + Extension.swift */,
			);
			path = UIKit;
			sourceTree = "<group>";
		};
/* End PBXGroup section */

/* Begin PBXNativeTarget section */
		E4258C8C28EDD8BC00A97C27 /* iTunes_TestTask */ = {
			isa = PBXNativeTarget;
			buildConfigurationList = E4258CA128EDD8BD00A97C27 /* Build configuration list for PBXNativeTarget "iTunes_TestTask" */;
			buildPhases = (
				E4258C8928EDD8BC00A97C27 /* Sources */,
				E4258C8A28EDD8BC00A97C27 /* Frameworks */,
				E4258C8B28EDD8BC00A97C27 /* Resources */,
			);
			buildRules = (
			);
			dependencies = (
			);
			name = iTunes_TestTask;
			productName = iTunes_TestTask;
			productReference = E4258C8D28EDD8BC00A97C27 /* iTunes_TestTask.app */;
			productType = "com.apple.product-type.application";
		};
/* End PBXNativeTarget section */

/* Begin PBXProject section */
		E4258C8528EDD8BC00A97C27 /* Project object */ = {
			isa = PBXProject;
			attributes = {
				BuildIndependentTargetsInParallel = 1;
				LastSwiftUpdateCheck = 1400;
				LastUpgradeCheck = 1400;
				TargetAttributes = {
					E4258C8C28EDD8BC00A97C27 = {
						CreatedOnToolsVersion = 14.0.1;
					};
				};
			};
			buildConfigurationList = E4258C8828EDD8BC00A97C27 /* Build configuration list for PBXProject "iTunes_TestTask" */;
			compatibilityVersion = "Xcode 14.0";
			developmentRegion = en;
			hasScannedForEncodings = 0;
			knownRegions = (
				en,
				Base,
			);
			mainGroup = E4258C8428EDD8BC00A97C27;
			productRefGroup = E4258C8E28EDD8BC00A97C27 /* Products */;
			projectDirPath = "";
			projectRoot = "";
			targets = (
				E4258C8C28EDD8BC00A97C27 /* iTunes_TestTask */,
			);
		};
/* End PBXProject section */

/* Begin PBXResourcesBuildPhase section */
		E4258C8B28EDD8BC00A97C27 /* Resources */ = {
			isa = PBXResourcesBuildPhase;
			buildActionMask = 2147483647;
			files = (
				E4258C9D28EDD8BD00A97C27 /* LaunchScreen.storyboard in Resources */,
				E4258C9A28EDD8BD00A97C27 /* Assets.xcassets in Resources */,
			);
			runOnlyForDeploymentPostprocessing = 0;
		};
/* End PBXResourcesBuildPhase section */

/* Begin PBXSourcesBuildPhase section */
		E4258C8928EDD8BC00A97C27 /* Sources */ = {
			isa = PBXSourcesBuildPhase;
			buildActionMask = 2147483647;
			files = (
				E4258C9528EDD8BC00A97C27 /* AuthViewController.swift in Sources */,
				E41336F228F88FB100E745C8 /* AlbumsModel.swift in Sources */,
				E4A15E5F28F0267100CAC6D0 /* UIViewController + Extension.swift in Sources */,
				E41E34D028F497C400DF6A46 /* String + Extension.swift in Sources */,
				E49E0C1828F59B0C00388ECB /* UserDefaultsManager.swift in Sources */,
				E4CBE58A28EF47C5008E9B81 /* DetailAlbumViewController.swift in Sources */,
				E4258C9128EDD8BC00A97C27 /* AppDelegate.swift in Sources */,
				E4A15E5D28F0253400CAC6D0 /* AlbumsTableViewCell.swift in Sources */,
				E49E0C1D28F5A18A00388ECB /* AlertOk.swift in Sources */,
				E4CBE58428EF3842008E9B81 /* SignUpViewController.swift in Sources */,
				E49E0C1B28F59B9B00388ECB /* UserModel.swift in Sources */,
				E4CBE58828EF4040008E9B81 /* UIStackView + Extension.swift in Sources */,
				E4A15E6128F02AC000CAC6D0 /* UserInfoViewController.swift in Sources */,
				E4258C9328EDD8BC00A97C27 /* SceneDelegate.swift in Sources */,
				E4CBE58628EF38A2008E9B81 /* AlbumsViewController.swift in Sources */,
				E4A15E6328F0829100CAC6D0 /* SongsCollectionViewCell.swift in Sources */,
				E452E82428F9A52100D57E68 /* NetworkRequest.swift in Sources */,
			);
			runOnlyForDeploymentPostprocessing = 0;
		};
/* End PBXSourcesBuildPhase section */

/* Begin PBXVariantGroup section */
		E4258C9B28EDD8BD00A97C27 /* LaunchScreen.storyboard */ = {
			isa = PBXVariantGroup;
			children = (
				E4258C9C28EDD8BD00A97C27 /* Base */,
			);
			name = LaunchScreen.storyboard;
			sourceTree = "<group>";
		};
/* End PBXVariantGroup section */

/* Begin XCBuildConfiguration section */
		E4258C9F28EDD8BD00A97C27 /* Debug */ = {
			isa = XCBuildConfiguration;
			buildSettings = {
				ALWAYS_SEARCH_USER_PATHS = NO;
				CLANG_ANALYZER_NONNULL = YES;
				CLANG_ANALYZER_NUMBER_OBJECT_CONVERSION = YES_AGGRESSIVE;
				CLANG_CXX_LANGUAGE_STANDARD = "gnu++20";
				CLANG_ENABLE_MODULES = YES;
				CLANG_ENABLE_OBJC_ARC = YES;
				CLANG_ENABLE_OBJC_WEAK = YES;
				CLANG_WARN_BLOCK_CAPTURE_AUTORELEASING = YES;
				CLANG_WARN_BOOL_CONVERSION = YES;
				CLANG_WARN_COMMA = YES;
				CLANG_WARN_CONSTANT_CONVERSION = YES;
				CLANG_WARN_DEPRECATED_OBJC_IMPLEMENTATIONS = YES;
				CLANG_WARN_DIRECT_OBJC_ISA_USAGE = YES_ERROR;
				CLANG_WARN_DOCUMENTATION_COMMENTS = YES;
				CLANG_WARN_EMPTY_BODY = YES;
				CLANG_WARN_ENUM_CONVERSION = YES;
				CLANG_WARN_INFINITE_RECURSION = YES;
				CLANG_WARN_INT_CONVERSION = YES;
				CLANG_WARN_NON_LITERAL_NULL_CONVERSION = YES;
				CLANG_WARN_OBJC_IMPLICIT_RETAIN_SELF = YES;
				CLANG_WARN_OBJC_LITERAL_CONVERSION = YES;
				CLANG_WARN_OBJC_ROOT_CLASS = YES_ERROR;
				CLANG_WARN_QUOTED_INCLUDE_IN_FRAMEWORK_HEADER = YES;
				CLANG_WARN_RANGE_LOOP_ANALYSIS = YES;
				CLANG_WARN_STRICT_PROTOTYPES = YES;
				CLANG_WARN_SUSPICIOUS_MOVE = YES;
				CLANG_WARN_UNGUARDED_AVAILABILITY = YES_AGGRESSIVE;
				CLANG_WARN_UNREACHABLE_CODE = YES;
				CLANG_WARN__DUPLICATE_METHOD_MATCH = YES;
				COPY_PHASE_STRIP = NO;
				DEBUG_INFORMATION_FORMAT = dwarf;
				ENABLE_STRICT_OBJC_MSGSEND = YES;
				ENABLE_TESTABILITY = YES;
				GCC_C_LANGUAGE_STANDARD = gnu11;
				GCC_DYNAMIC_NO_PIC = NO;
				GCC_NO_COMMON_BLOCKS = YES;
				GCC_OPTIMIZATION_LEVEL = 0;
				GCC_PREPROCESSOR_DEFINITIONS = (
					"DEBUG=1",
					"$(inherited)",
				);
				GCC_WARN_64_TO_32_BIT_CONVERSION = YES;
				GCC_WARN_ABOUT_RETURN_TYPE = YES_ERROR;
				GCC_WARN_UNDECLARED_SELECTOR = YES;
				GCC_WARN_UNINITIALIZED_AUTOS = YES_AGGRESSIVE;
				GCC_WARN_UNUSED_FUNCTION = YES;
				GCC_WARN_UNUSED_VARIABLE = YES;
				IPHONEOS_DEPLOYMENT_TARGET = 16.0;
				MTL_ENABLE_DEBUG_INFO = INCLUDE_SOURCE;
				MTL_FAST_MATH = YES;
				ONLY_ACTIVE_ARCH = YES;
				SDKROOT = iphoneos;
				SWIFT_ACTIVE_COMPILATION_CONDITIONS = DEBUG;
				SWIFT_OPTIMIZATION_LEVEL = "-Onone";
			};
			name = Debug;
		};
		E4258CA028EDD8BD00A97C27 /* Release */ = {
			isa = XCBuildConfiguration;
			buildSettings = {
				ALWAYS_SEARCH_USER_PATHS = NO;
				CLANG_ANALYZER_NONNULL = YES;
				CLANG_ANALYZER_NUMBER_OBJECT_CONVERSION = YES_AGGRESSIVE;
				CLANG_CXX_LANGUAGE_STANDARD = "gnu++20";
				CLANG_ENABLE_MODULES = YES;
				CLANG_ENABLE_OBJC_ARC = YES;
				CLANG_ENABLE_OBJC_WEAK = YES;
				CLANG_WARN_BLOCK_CAPTURE_AUTORELEASING = YES;
				CLANG_WARN_BOOL_CONVERSION = YES;
				CLANG_WARN_COMMA = YES;
				CLANG_WARN_CONSTANT_CONVERSION = YES;
				CLANG_WARN_DEPRECATED_OBJC_IMPLEMENTATIONS = YES;
				CLANG_WARN_DIRECT_OBJC_ISA_USAGE = YES_ERROR;
				CLANG_WARN_DOCUMENTATION_COMMENTS = YES;
				CLANG_WARN_EMPTY_BODY = YES;
				CLANG_WARN_ENUM_CONVERSION = YES;
				CLANG_WARN_INFINITE_RECURSION = YES;
				CLANG_WARN_INT_CONVERSION = YES;
				CLANG_WARN_NON_LITERAL_NULL_CONVERSION = YES;
				CLANG_WARN_OBJC_IMPLICIT_RETAIN_SELF = YES;
				CLANG_WARN_OBJC_LITERAL_CONVERSION = YES;
				CLANG_WARN_OBJC_ROOT_CLASS = YES_ERROR;
				CLANG_WARN_QUOTED_INCLUDE_IN_FRAMEWORK_HEADER = YES;
				CLANG_WARN_RANGE_LOOP_ANALYSIS = YES;
				CLANG_WARN_STRICT_PROTOTYPES = YES;
				CLANG_WARN_SUSPICIOUS_MOVE = YES;
				CLANG_WARN_UNGUARDED_AVAILABILITY = YES_AGGRESSIVE;
				CLANG_WARN_UNREACHABLE_CODE = YES;
				CLANG_WARN__DUPLICATE_METHOD_MATCH = YES;
				COPY_PHASE_STRIP = NO;
				DEBUG_INFORMATION_FORMAT = "dwarf-with-dsym";
				ENABLE_NS_ASSERTIONS = NO;
				ENABLE_STRICT_OBJC_MSGSEND = YES;
				GCC_C_LANGUAGE_STANDARD = gnu11;
				GCC_NO_COMMON_BLOCKS = YES;
				GCC_WARN_64_TO_32_BIT_CONVERSION = YES;
				GCC_WARN_ABOUT_RETURN_TYPE = YES_ERROR;
				GCC_WARN_UNDECLARED_SELECTOR = YES;
				GCC_WARN_UNINITIALIZED_AUTOS = YES_AGGRESSIVE;
				GCC_WARN_UNUSED_FUNCTION = YES;
				GCC_WARN_UNUSED_VARIABLE = YES;
				IPHONEOS_DEPLOYMENT_TARGET = 16.0;
				MTL_ENABLE_DEBUG_INFO = NO;
				MTL_FAST_MATH = YES;
				SDKROOT = iphoneos;
				SWIFT_COMPILATION_MODE = wholemodule;
				SWIFT_OPTIMIZATION_LEVEL = "-O";
				VALIDATE_PRODUCT = YES;
			};
			name = Release;
		};
		E4258CA228EDD8BD00A97C27 /* Debug */ = {
			isa = XCBuildConfiguration;
			buildSettings = {
				ASSETCATALOG_COMPILER_APPICON_NAME = AppIcon;
				ASSETCATALOG_COMPILER_GLOBAL_ACCENT_COLOR_NAME = AccentColor;
				CODE_SIGN_STYLE = Automatic;
				CURRENT_PROJECT_VERSION = 1;
				DEVELOPMENT_TEAM = 782LZFBU26;
				GENERATE_INFOPLIST_FILE = YES;
				INFOPLIST_FILE = iTunes_TestTask/Resources/Info.plist;
				INFOPLIST_KEY_UIApplicationSupportsIndirectInputEvents = YES;
				INFOPLIST_KEY_UILaunchStoryboardName = LaunchScreen;
				INFOPLIST_KEY_UISupportedInterfaceOrientations_iPad = "UIInterfaceOrientationPortrait UIInterfaceOrientationPortraitUpsideDown UIInterfaceOrientationLandscapeLeft UIInterfaceOrientationLandscapeRight";
				INFOPLIST_KEY_UISupportedInterfaceOrientations_iPhone = "UIInterfaceOrientationPortrait UIInterfaceOrientationLandscapeLeft UIInterfaceOrientationLandscapeRight";
				LD_RUNPATH_SEARCH_PATHS = (
					"$(inherited)",
					"@executable_path/Frameworks",
				);
				MARKETING_VERSION = 1.0;
				PRODUCT_BUNDLE_IDENTIFIER = "by.scooterminsk.iTunes-TestTask";
				PRODUCT_NAME = "$(TARGET_NAME)";
				SWIFT_EMIT_LOC_STRINGS = YES;
				SWIFT_VERSION = 5.0;
				TARGETED_DEVICE_FAMILY = "1,2";
			};
			name = Debug;
		};
		E4258CA328EDD8BD00A97C27 /* Release */ = {
			isa = XCBuildConfiguration;
			buildSettings = {
				ASSETCATALOG_COMPILER_APPICON_NAME = AppIcon;
				ASSETCATALOG_COMPILER_GLOBAL_ACCENT_COLOR_NAME = AccentColor;
				CODE_SIGN_STYLE = Automatic;
				CURRENT_PROJECT_VERSION = 1;
				DEVELOPMENT_TEAM = 782LZFBU26;
				GENERATE_INFOPLIST_FILE = YES;
				INFOPLIST_FILE = iTunes_TestTask/Resources/Info.plist;
				INFOPLIST_KEY_UIApplicationSupportsIndirectInputEvents = YES;
				INFOPLIST_KEY_UILaunchStoryboardName = LaunchScreen;
				INFOPLIST_KEY_UISupportedInterfaceOrientations_iPad = "UIInterfaceOrientationPortrait UIInterfaceOrientationPortraitUpsideDown UIInterfaceOrientationLandscapeLeft UIInterfaceOrientationLandscapeRight";
				INFOPLIST_KEY_UISupportedInterfaceOrientations_iPhone = "UIInterfaceOrientationPortrait UIInterfaceOrientationLandscapeLeft UIInterfaceOrientationLandscapeRight";
				LD_RUNPATH_SEARCH_PATHS = (
					"$(inherited)",
					"@executable_path/Frameworks",
				);
				MARKETING_VERSION = 1.0;
				PRODUCT_BUNDLE_IDENTIFIER = "by.scooterminsk.iTunes-TestTask";
				PRODUCT_NAME = "$(TARGET_NAME)";
				SWIFT_EMIT_LOC_STRINGS = YES;
				SWIFT_VERSION = 5.0;
				TARGETED_DEVICE_FAMILY = "1,2";
			};
			name = Release;
		};
/* End XCBuildConfiguration section */

/* Begin XCConfigurationList section */
		E4258C8828EDD8BC00A97C27 /* Build configuration list for PBXProject "iTunes_TestTask" */ = {
			isa = XCConfigurationList;
			buildConfigurations = (
				E4258C9F28EDD8BD00A97C27 /* Debug */,
				E4258CA028EDD8BD00A97C27 /* Release */,
			);
			defaultConfigurationIsVisible = 0;
			defaultConfigurationName = Release;
		};
		E4258CA128EDD8BD00A97C27 /* Build configuration list for PBXNativeTarget "iTunes_TestTask" */ = {
			isa = XCConfigurationList;
			buildConfigurations = (
				E4258CA228EDD8BD00A97C27 /* Debug */,
				E4258CA328EDD8BD00A97C27 /* Release */,
			);
			defaultConfigurationIsVisible = 0;
			defaultConfigurationName = Release;
		};
/* End XCConfigurationList section */
	};
	rootObject = E4258C8528EDD8BC00A97C27 /* Project object */;
}
